<?xml version="1.0" encoding="utf-8"?>
<Project ToolsVersion="4.0" xmlns="http://schemas.microsoft.com/developer/msbuild/2003">
  <ItemGroup>
    <Filter Include="Source Files">
      <UniqueIdentifier>{4FC737F1-C7A5-4376-A066-2A32D752A2FF}</UniqueIdentifier>
      <Extensions>cpp;c;cc;cxx;def;odl;idl;hpj;bat;asm;asmx</Extensions>
    </Filter>
    <Filter Include="Header Files">
      <UniqueIdentifier>{93995380-89BD-4b04-88EB-625FBE52EBFB}</UniqueIdentifier>
      <Extensions>h;hh;hpp;hxx;hm;inl;inc;xsd</Extensions>
    </Filter>
    <Filter Include="Resource Files">
      <UniqueIdentifier>{67DA6AB6-F800-4c08-8B7A-83BB121AAD01}</UniqueIdentifier>
      <Extensions>rc;ico;cur;bmp;dlg;rc2;rct;bin;rgs;gif;jpg;jpeg;jpe;resx;tiff;tif;png;wav;mfcribbon-ms</Extensions>
    </Filter>
    <Filter Include="Source Files\src">
      <UniqueIdentifier>{6bcfb698-0de6-4893-8b8d-7dc453ad60a8}</UniqueIdentifier>
    </Filter>
    <Filter Include="Header Files\include">
      <UniqueIdentifier>{ef05b9e0-22ad-4971-88a2-976b510dcd61}</UniqueIdentifier>
    </Filter>
    <Filter Include="Header Files\include\Z80 Implementation">
      <UniqueIdentifier>{05d72c98-c36c-44a8-8ca9-7b19460bad7e}</UniqueIdentifier>
    </Filter>
    <Filter Include="Header Files\include\component_system">
      <UniqueIdentifier>{0ffa2521-02fc-4d3c-9b6c-16dea6a0c12b}</UniqueIdentifier>
    </Filter>
    <Filter Include="Header Files\include\internals">
      <UniqueIdentifier>{6ff890cc-e721-4410-950f-6420e1f44917}</UniqueIdentifier>
    </Filter>
    <Filter Include="Header Files\include\gui">
      <UniqueIdentifier>{df9b0471-4aee-497c-bcaf-ea3e9ea118cd}</UniqueIdentifier>
    </Filter>
    <Filter Include="Header Files\include\components">
      <UniqueIdentifier>{14b0942f-9111-42e2-97df-808a86cfbc11}</UniqueIdentifier>
    </Filter>
    <Filter Include="Source Files\src\gui">
      <UniqueIdentifier>{7d6aefaf-df84-4e64-a29c-d1ac12ab51f8}</UniqueIdentifier>
    </Filter>
    <Filter Include="Source Files\src\components">
      <UniqueIdentifier>{b44d6c9e-1679-4f24-aa2d-39a48cf5e4ca}</UniqueIdentifier>
    </Filter>
    <Filter Include="Source Files\src\internals">
      <UniqueIdentifier>{fd92e987-c103-4aab-9d70-7a0b7834179c}</UniqueIdentifier>
    </Filter>
    <Filter Include="Source Files\src\component_system">
      <UniqueIdentifier>{7367ff90-6380-4c5e-a945-f14a2b9a0aa5}</UniqueIdentifier>
    </Filter>
    <Filter Include="Header Files\include\graphics">
      <UniqueIdentifier>{27eb3769-0d89-4953-98ec-3e04955dcbf6}</UniqueIdentifier>
    </Filter>
    <Filter Include="Header Files\include\graphics\components">
      <UniqueIdentifier>{26c60c4f-31fd-4f32-afaa-621b69e1b531}</UniqueIdentifier>
    </Filter>
    <Filter Include="Source Files\src\graphics">
      <UniqueIdentifier>{638ed11c-d613-43b1-8374-5f954038b4e8}</UniqueIdentifier>
    </Filter>
    <Filter Include="Source Files\src\graphics\components">
      <UniqueIdentifier>{5ba67813-76de-4065-9f60-64cd01438115}</UniqueIdentifier>
    </Filter>
    <Filter Include="Header Files\include\resources">
      <UniqueIdentifier>{cce71831-d44e-41e7-a733-dbce0427e488}</UniqueIdentifier>
    </Filter>
    <Filter Include="Header Files\include\scenes">
      <UniqueIdentifier>{5587f5b9-0c58-4306-9107-6bed98d5cabf}</UniqueIdentifier>
    </Filter>
    <Filter Include="Source Files\src\scenes">
      <UniqueIdentifier>{18556ccb-efda-40cf-8863-688a7056ca1b}</UniqueIdentifier>
    </Filter>
    <Filter Include="Header Files\include\scenes\list">
      <UniqueIdentifier>{ff92e016-ae97-436e-9a5c-e9aaa483af24}</UniqueIdentifier>
    </Filter>
    <Filter Include="Source Files\src\scenes\list">
      <UniqueIdentifier>{61489c7b-4a24-41e5-b769-75280d2d39ed}</UniqueIdentifier>
    </Filter>
    <Filter Include="Source Files\src\gui\base">
      <UniqueIdentifier>{14897ae5-0bc1-49e3-a356-1eb70aefb6ba}</UniqueIdentifier>
    </Filter>
    <Filter Include="Source Files\src\gui\menus">
      <UniqueIdentifier>{0f866aed-471c-4a09-aae0-55048f44fac6}</UniqueIdentifier>
    </Filter>
    <Filter Include="Source Files\src\gui\widgets">
      <UniqueIdentifier>{3d1dc27c-6ebf-4065-af01-5d1c90cdf90b}</UniqueIdentifier>
    </Filter>
    <Filter Include="Header Files\include\gui\widgets">
      <UniqueIdentifier>{a66ad2b7-e213-40a1-b5d4-94e72463a4e4}</UniqueIdentifier>
    </Filter>
    <Filter Include="Header Files\include\gui\menus">
      <UniqueIdentifier>{da7b1c00-15aa-4a17-8bd9-df4afbceabf0}</UniqueIdentifier>
    </Filter>
    <Filter Include="Header Files\include\gui\base">
      <UniqueIdentifier>{2ade1568-48a5-4b8b-9fa8-1efe023d65a8}</UniqueIdentifier>
    </Filter>
  </ItemGroup>
  <ItemGroup>
    <ClCompile Include="Source.cpp">
      <Filter>Source Files</Filter>
    </ClCompile>
    <ClCompile Include="TRegister.cpp">
      <Filter>Source Files\src\internals</Filter>
    </ClCompile>
    <ClCompile Include="TClock.cpp">
      <Filter>Source Files\src\internals</Filter>
    </ClCompile>
    <ClCompile Include="TFrequency.cpp">
      <Filter>Source Files\src\internals</Filter>
    </ClCompile>
    <ClCompile Include="TPin.cpp">
      <Filter>Source Files\src\components</Filter>
    </ClCompile>
    <ClCompile Include="TLogicGateComponent.cpp">
      <Filter>Source Files\src\components</Filter>
    </ClCompile>
    <ClCompile Include="TMemoryComponent.cpp">
      <Filter>Source Files\src\components</Filter>
    </ClCompile>
    <ClCompile Include="TMultiplexerComponent.cpp">
      <Filter>Source Files\src\components</Filter>
    </ClCompile>
    <ClCompile Include="TDebugger.cpp">
      <Filter>Source Files\src</Filter>
    </ClCompile>
    <ClCompile Include="TGameApp.cpp">
      <Filter>Source Files\src</Filter>
    </ClCompile>
    <ClCompile Include="TManager.cpp">
      <Filter>Source Files\src\component_system</Filter>
    </ClCompile>
    <ClCompile Include="TEventContainer.cpp">
      <Filter>Source Files\src\component_system</Filter>
    </ClCompile>
    <ClCompile Include="IComponent.cpp">
      <Filter>Source Files\src\component_system</Filter>
    </ClCompile>
    <ClCompile Include="TEntity.cpp">
      <Filter>Source Files\src\component_system</Filter>
    </ClCompile>
    <ClCompile Include="TFactory.cpp">
      <Filter>Source Files\src\internals</Filter>
    </ClCompile>
    <ClCompile Include="TDrawableComponent.cpp">
      <Filter>Source Files\src\graphics\components</Filter>
    </ClCompile>
    <ClCompile Include="TChipComponent.cpp">
      <Filter>Source Files\src\graphics\components</Filter>
    </ClCompile>
    <ClCompile Include="TTextComponent.cpp">
      <Filter>Source Files\src\graphics\components</Filter>
    </ClCompile>
    <ClCompile Include="TZ80Component.cpp">
      <Filter>Source Files\src\components</Filter>
    </ClCompile>
    <ClCompile Include="TRamComponent.cpp">
      <Filter>Source Files\src\components</Filter>
    </ClCompile>
    <ClCompile Include="IScene.cpp">
      <Filter>Source Files\src\scenes</Filter>
    </ClCompile>
    <ClCompile Include="TSceneManager.cpp">
      <Filter>Source Files\src\scenes</Filter>
    </ClCompile>
    <ClCompile Include="TNewGameScene.cpp">
      <Filter>Source Files\src\scenes\list</Filter>
    </ClCompile>
    <ClCompile Include="TMainMenuScene.cpp">
      <Filter>Source Files\src\scenes\list</Filter>
    </ClCompile>
    <ClCompile Include="TLogicBoardComponent.cpp">
      <Filter>Source Files\src\graphics\components</Filter>
    </ClCompile>
    <ClCompile Include="TRenderSurface.cpp">
      <Filter>Source Files\src\graphics</Filter>
    </ClCompile>
    <ClCompile Include="TGuiManager.cpp">
      <Filter>Source Files\src\gui</Filter>
    </ClCompile>
    <ClCompile Include="TWidget.cpp">
      <Filter>Source Files\src\gui\base</Filter>
    </ClCompile>
    <ClCompile Include="TMainMenu.cpp">
      <Filter>Source Files\src\gui\menus</Filter>
    </ClCompile>
    <ClCompile Include="TNewGameMenu.cpp">
      <Filter>Source Files\src\gui\menus</Filter>
    </ClCompile>
    <ClCompile Include="TButton.cpp">
      <Filter>Source Files\src\gui\widgets</Filter>
    </ClCompile>
    <ClCompile Include="TContainer.cpp">
      <Filter>Source Files\src\gui\widgets</Filter>
    </ClCompile>
    <ClCompile Include="TImage.cpp">
      <Filter>Source Files\src\gui\widgets</Filter>
    </ClCompile>
    <ClCompile Include="TStaticText.cpp">
      <Filter>Source Files\src\gui\widgets</Filter>
    </ClCompile>
    <ClCompile Include="TGridComponent.cpp">
      <Filter>Source Files\src\graphics\components</Filter>
    </ClCompile>
    <ClCompile Include="TWireComponent.cpp">
      <Filter>Source Files\src\graphics\components</Filter>
    </ClCompile>
    <ClCompile Include="TBusComponent.cpp">
      <Filter>Source Files\src\graphics\components</Filter>
    </ClCompile>
    <ClCompile Include="TLedComponent.cpp">
      <Filter>Source Files\src\graphics\components</Filter>
    </ClCompile>
    <ClCompile Include="TPinComponent.cpp">
      <Filter>Source Files\src\graphics\components</Filter>
    </ClCompile>
    <ClCompile Include="TPackageComponent.cpp">
      <Filter>Source Files\src\graphics\components</Filter>
    </ClCompile>
    <ClCompile Include="TPowerComponent.cpp">
      <Filter>Source Files\src\graphics\components</Filter>
    </ClCompile>
    <ClCompile Include="TMenuButton.cpp">
      <Filter>Source Files\src\gui\widgets</Filter>
    </ClCompile>
    <ClCompile Include="TComplexText.cpp">
      <Filter>Source Files\src\gui\base</Filter>
    </ClCompile>
  </ItemGroup>
  <ItemGroup>
    <ClInclude Include="TRegister.h">
      <Filter>Header Files\include\internals</Filter>
    </ClInclude>
    <ClInclude Include="TValues.h">
      <Filter>Header Files\include\internals</Filter>
    </ClInclude>
    <ClInclude Include="TUtility.h">
      <Filter>Header Files\include\internals</Filter>
    </ClInclude>
    <ClInclude Include="TInstruction.h">
      <Filter>Header Files\include\Z80 Implementation</Filter>
    </ClInclude>
    <ClInclude Include="TClock.h">
      <Filter>Header Files\include\internals</Filter>
    </ClInclude>
    <ClInclude Include="TFrequency.h">
      <Filter>Header Files\include\internals</Filter>
    </ClInclude>
    <ClInclude Include="TPin.h">
      <Filter>Header Files\include\components</Filter>
    </ClInclude>
    <ClInclude Include="TLogicGateComponent.h">
      <Filter>Header Files\include\components</Filter>
    </ClInclude>
    <ClInclude Include="TMemoryComponent.h">
      <Filter>Header Files\include\components</Filter>
    </ClInclude>
    <ClInclude Include="TMultiplexerComponent.h">
      <Filter>Header Files\include\components</Filter>
    </ClInclude>
    <ClInclude Include="TAlu.h">
      <Filter>Header Files\include</Filter>
    </ClInclude>
    <ClInclude Include="TDebugger.h">
      <Filter>Header Files\include</Filter>
    </ClInclude>
    <ClInclude Include="TGameApp.h">
      <Filter>Header Files\include</Filter>
    </ClInclude>
    <ClInclude Include="TRegisterContainer.h">
      <Filter>Header Files\include</Filter>
    </ClInclude>
    <ClInclude Include="TSourceParser.h">
      <Filter>Header Files\include</Filter>
    </ClInclude>
    <ClInclude Include="IComponent.h">
      <Filter>Header Files\include\component_system</Filter>
    </ClInclude>
    <ClInclude Include="TComponentArray.h">
      <Filter>Header Files\include\component_system</Filter>
    </ClInclude>
    <ClInclude Include="TEventContainer.h">
      <Filter>Header Files\include\component_system</Filter>
    </ClInclude>
    <ClInclude Include="TManager.h">
      <Filter>Header Files\include\component_system</Filter>
    </ClInclude>
    <ClInclude Include="TRandom.h">
      <Filter>Header Files\include\internals</Filter>
    </ClInclude>
    <ClInclude Include="TEntity.h">
      <Filter>Header Files\include\component_system</Filter>
    </ClInclude>
    <ClInclude Include="TLogicEntity.h">
      <Filter>Header Files\include\component_system</Filter>
    </ClInclude>
    <ClInclude Include="TFactory.h">
      <Filter>Header Files\include\internals</Filter>
    </ClInclude>
    <ClInclude Include="TResource.h">
      <Filter>Header Files\include\resources</Filter>
    </ClInclude>
    <ClInclude Include="_GenericVector.h">
      <Filter>Header Files\include\internals</Filter>
    </ClInclude>
    <ClInclude Include="TResourceVector.h">
      <Filter>Header Files\include\resources</Filter>
    </ClInclude>
    <ClInclude Include="TResourceLoader.h">
      <Filter>Header Files\include\resources</Filter>
    </ClInclude>
    <ClInclude Include="TCacheManager.h">
      <Filter>Header Files\include\resources</Filter>
    </ClInclude>
    <ClInclude Include="ILoadingScreen.h">
      <Filter>Header Files\include\gui</Filter>
    </ClInclude>
    <ClInclude Include="TLoaders.h">
      <Filter>Header Files\include\resources</Filter>
    </ClInclude>
    <ClInclude Include="TDrawableComponent.h">
      <Filter>Header Files\include\graphics\components</Filter>
    </ClInclude>
    <ClInclude Include="TChipComponent.h">
      <Filter>Header Files\include\graphics\components</Filter>
    </ClInclude>
    <ClInclude Include="TTextComponent.h">
      <Filter>Header Files\include\graphics\components</Filter>
    </ClInclude>
    <ClInclude Include="TZ80Component.h">
      <Filter>Header Files\include\components</Filter>
    </ClInclude>
    <ClInclude Include="TRamComponent.h">
      <Filter>Header Files\include\components</Filter>
    </ClInclude>
    <ClInclude Include="IDGenerator.h">
      <Filter>Header Files\include\internals</Filter>
    </ClInclude>
    <ClInclude Include="TNewGameScene.h">
      <Filter>Header Files\include\scenes\list</Filter>
    </ClInclude>
    <ClInclude Include="TLogicBoardComponent.h">
      <Filter>Header Files\include\graphics\components</Filter>
    </ClInclude>
    <ClInclude Include="TMainMenuScene.h">
      <Filter>Header Files\include\scenes\list</Filter>
    </ClInclude>
    <ClInclude Include="IScene.h">
      <Filter>Header Files\include\scenes</Filter>
    </ClInclude>
    <ClInclude Include="TRenderSurface.h">
      <Filter>Header Files\include\graphics</Filter>
    </ClInclude>
    <ClInclude Include="TGuiManager.h">
      <Filter>Header Files\include\gui</Filter>
    </ClInclude>
    <ClInclude Include="TWidget.h">
      <Filter>Header Files\include\gui\base</Filter>
    </ClInclude>
    <ClInclude Include="TMainMenu.h">
      <Filter>Header Files\include\gui\menus</Filter>
    </ClInclude>
    <ClInclude Include="TNewGameMenu.h">
      <Filter>Header Files\include\gui\menus</Filter>
    </ClInclude>
    <ClInclude Include="TButton.h">
      <Filter>Header Files\include\gui\widgets</Filter>
    </ClInclude>
    <ClInclude Include="TContainer.h">
      <Filter>Header Files\include\gui\widgets</Filter>
    </ClInclude>
    <ClInclude Include="TImage.h">
      <Filter>Header Files\include\gui\widgets</Filter>
    </ClInclude>
    <ClInclude Include="TStaticText.h">
      <Filter>Header Files\include\gui\widgets</Filter>
    </ClInclude>
    <ClInclude Include="IMenu.h">
      <Filter>Header Files\include\gui\base</Filter>
    </ClInclude>
    <ClInclude Include="TGridComponent.h">
      <Filter>Header Files\include\graphics\components</Filter>
    </ClInclude>
    <ClInclude Include="TWireComponent.h">
      <Filter>Header Files\include\graphics\components</Filter>
    </ClInclude>
    <ClInclude Include="TBusComponent.h">
      <Filter>Header Files\include\graphics\components</Filter>
    </ClInclude>
    <ClInclude Include="TLedComponent.h">
      <Filter>Header Files\include\graphics\components</Filter>
    </ClInclude>
    <ClInclude Include="TPinComponent.h">
      <Filter>Header Files\include\graphics\components</Filter>
    </ClInclude>
    <ClInclude Include="TPackageComponent.h">
      <Filter>Header Files\include\graphics\components</Filter>
    </ClInclude>
    <ClInclude Include="TPowerComponent.h">
      <Filter>Header Files\include\graphics\components</Filter>
    </ClInclude>
    <ClInclude Include="TMenuButton.h">
      <Filter>Header Files\include\gui\widgets</Filter>
    </ClInclude>
    <ClInclude Include="TSceneManager.h">
      <Filter>Header Files\include\scenes</Filter>
    </ClInclude>
    <ClInclude Include="TComplexText.h">
      <Filter>Header Files\include\gui\base</Filter>
    </ClInclude>
  </ItemGroup>
</Project>